<?xml version="1.0" encoding="utf-8"?>
<Project ToolsVersion="4.0" xmlns="http://schemas.microsoft.com/developer/msbuild/2003">
  <ItemGroup>
    <Filter Include="Source Files">
      <UniqueIdentifier>{4FC737F1-C7A5-4376-A066-2A32D752A2FF}</UniqueIdentifier>
      <Extensions>cpp;c;cc;cxx;def;odl;idl;hpj;bat;asm;asmx</Extensions>
    </Filter>
    <Filter Include="Header Files">
      <UniqueIdentifier>{93995380-89BD-4b04-88EB-625FBE52EBFB}</UniqueIdentifier>
      <Extensions>h;hh;hpp;hxx;hm;inl;inc;xsd</Extensions>
    </Filter>
    <Filter Include="Resource Files">
      <UniqueIdentifier>{D9D6E242-F8AF-46E4-B9FD-80ECBC20BA3E}</UniqueIdentifier>
      <Extensions>qrc;*</Extensions>
      <ParseFiles>false</ParseFiles>
    </Filter>
    <Filter Include="Form Files">
      <UniqueIdentifier>{99349809-55BA-4b9d-BF79-8FDBB0286EB3}</UniqueIdentifier>
      <Extensions>ui</Extensions>
    </Filter>
    <Filter Include="Resource Files">
      <UniqueIdentifier>{D9D6E242-F8AF-46E4-B9FD-80ECBC20BA3E}</UniqueIdentifier>
      <Extensions>qrc;*</Extensions>
      <ParseFiles>false</ParseFiles>
    </Filter>
  </ItemGroup>
  <ItemGroup>
    <ClCompile Include="main.cpp">
      <Filter>Source Files</Filter>
    </ClCompile>
    <ClCompile Include="CCMainWindow.cpp">
      <Filter>Source Files</Filter>
    </ClCompile>
    <ClCompile Include="titlebar.cpp">
      <Filter>Source Files</Filter>
    </ClCompile>
    <ClCompile Include="basicwindow.cpp">
      <Filter>Source Files</Filter>
    </ClCompile>
    <ClCompile Include="NotifyManger.cpp">
      <Filter>Source Files</Filter>
    </ClCompile>
    <ClCompile Include="CommonUtils.cpp">
      <Filter>Source Files</Filter>
    </ClCompile>
    <ClCompile Include="UserLogin.cpp">
      <Filter>Source Files</Filter>
    </ClCompile>
    <ClCompile Include="SkinWindow.cpp">
      <Filter>Source Files</Filter>
    </ClCompile>
    <ClCompile Include="QClickLabel.cpp">
      <Filter>Source Files</Filter>
    </ClCompile>
    <ClCompile Include="SysTray.cpp">
      <Filter>Source Files</Filter>
    </ClCompile>
    <ClCompile Include="CustomMenu.cpp">
      <Filter>Source Files</Filter>
    </ClCompile>
    <ClCompile Include="RootContatItem.cpp">
      <Filter>Source Files</Filter>
    </ClCompile>
    <ClCompile Include="ContactItem.cpp">
      <Filter>Source Files</Filter>
    </ClCompile>
    <ClCompile Include="TalkWindowShell.cpp">
      <Filter>Source Files</Filter>
    </ClCompile>
    <ClCompile Include="EmotionWindow.cpp">
      <Filter>Source Files</Filter>
    </ClCompile>
    <ClCompile Include="EmotionLabelItem.cpp">
      <Filter>Source Files</Filter>
    </ClCompile>
    <ClCompile Include="TalkWindowItem.cpp">
      <Filter>Source Files</Filter>
    </ClCompile>
    <ClCompile Include="TalkWindow.cpp">
      <Filter>Source Files</Filter>
    </ClCompile>
    <ClCompile Include="WindowManger.cpp">
      <Filter>Source Files</Filter>
    </ClCompile>
    <ClCompile Include="QMsgTextEdit.cpp">
      <Filter>Source Files</Filter>
    </ClCompile>
    <ClCompile Include="MsgWebView.cpp">
      <Filter>Source Files</Filter>
    </ClCompile>
    <ClCompile Include="SendFile.cpp">
      <Filter>Source Files</Filter>
    </ClCompile>
    <ClCompile Include="ReceiveFile.cpp">
      <Filter>Source Files</Filter>
    </ClCompile>
    <ClCompile Include="common.cpp">
      <Filter>Source Files</Filter>
    </ClCompile>
    <ClCompile Include="ConfigurePage.cpp">
      <Filter>Source Files</Filter>
    </ClCompile>
  </ItemGroup>
  <ItemGroup>
    <QtMoc Include="CCMainWindow.h">
      <Filter>Header Files</Filter>
    </QtMoc>
    <QtMoc Include="titlebar.h">
      <Filter>Header Files</Filter>
    </QtMoc>
    <QtMoc Include="basicwindow.h">
      <Filter>Header Files</Filter>
    </QtMoc>
    <QtMoc Include="NotifyManger.h">
      <Filter>Header Files</Filter>
    </QtMoc>
    <QtMoc Include="UserLogin.h">
      <Filter>Header Files</Filter>
    </QtMoc>
    <QtMoc Include="SkinWindow.h">
      <Filter>Header Files</Filter>
    </QtMoc>
    <QtMoc Include="QClickLabel.h">
      <Filter>Header Files</Filter>
    </QtMoc>
    <QtMoc Include="SysTray.h">
      <Filter>Header Files</Filter>
    </QtMoc>
    <QtMoc Include="CustomMenu.h">
      <Filter>Header Files</Filter>
    </QtMoc>
    <QtMoc Include="RootContatItem.h">
      <Filter>Header Files</Filter>
    </QtMoc>
    <QtMoc Include="ContactItem.h">
      <Filter>Header Files</Filter>
    </QtMoc>
    <QtMoc Include="TalkWindowShell.h">
      <Filter>Header Files</Filter>
    </QtMoc>
    <QtMoc Include="EmotionWindow.h">
      <Filter>Header Files</Filter>
    </QtMoc>
    <QtMoc Include="EmotionLabelItem.h">
      <Filter>Header Files</Filter>
    </QtMoc>
    <QtMoc Include="TalkWindowItem.h">
      <Filter>Header Files</Filter>
    </QtMoc>
    <QtMoc Include="TalkWindow.h">
      <Filter>Header Files</Filter>
    </QtMoc>
    <QtMoc Include="WindowManger.h">
      <Filter>Header Files</Filter>
    </QtMoc>
    <QtMoc Include="QMsgTextEdit.h">
      <Filter>Header Files</Filter>
    </QtMoc>
    <QtMoc Include="MsgWebView.h">
      <Filter>Header Files</Filter>
    </QtMoc>
    <QtMoc Include="SendFile.h">
      <Filter>Header Files</Filter>
    </QtMoc>
    <QtMoc Include="ReceiveFile.h">
      <Filter>Header Files</Filter>
    </QtMoc>
    <QtMoc Include="ConfigurePage.h">
      <Filter>Header Files</Filter>
    </QtMoc>
  </ItemGroup>
  <ItemGroup>
    <QtUic Include="CCMainWindow.ui">
      <Filter>Form Files</Filter>
    </QtUic>
    <QtUic Include="UserLogin.ui">
      <Filter>Form Files</Filter>
    </QtUic>
    <QtUic Include="SkinWindow.ui">
      <Filter>Form Files</Filter>
    </QtUic>
    <QtUic Include="ContactItem.ui">
      <Filter>Form Files</Filter>
    </QtUic>
    <QtUic Include="TalkWindowShell.ui">
      <Filter>Form Files</Filter>
    </QtUic>
    <QtUic Include="EmotionWindow.ui">
      <Filter>Form Files</Filter>
    </QtUic>
    <QtUic Include="TalkWindowItem.ui">
      <Filter>Form Files</Filter>
    </QtUic>
    <QtUic Include="TalkWindow.ui">
      <Filter>Form Files</Filter>
    </QtUic>
    <QtUic Include="SendFile.ui">
      <Filter>Form Files</Filter>
    </QtUic>
    <QtUic Include="ReceiveFile.ui">
      <Filter>Form Files</Filter>
    </QtUic>
    <QtUic Include="ConfigurePage.ui">
      <Filter>Form Files</Filter>
    </QtUic>
  </ItemGroup>
  <ItemGroup>
    <QtRcc Include="CCMainWindow.qrc">
      <Filter>Resource Files</Filter>
    </QtRcc>
  </ItemGroup>
  <ItemGroup>
    <ClInclude Include="CommonUtils.h">
      <Filter>Header Files</Filter>
    </ClInclude>
    <ClInclude Include="resource.h">
      <Filter>Header Files</Filter>
    </ClInclude>
    <ClInclude Include="common.h">
      <Filter>Header Files</Filter>
    </ClInclude>
  </ItemGroup>
</Project>